
Microsoft Visual Studio Solution File, Format Version 12.00
# Visual Studio Version 16
VisualStudioVersion = 16.0.32126.315
MinimumVisualStudioVersion = 10.0.40219.1
Project("{9A19103F-16F7-4668-BE54-9A1E7A4F7556}") = "V9AgentInfo", "V9AgentInfo\V9AgentInfo.csproj", "{6F48D70E-7B8F-4A16-9C19-3246EE8EE438}"
EndProject
Project("{9A19103F-16F7-4668-BE54-9A1E7A4F7556}") = "V9ManagerIVR", "V9ManagerIVR\V9ManagerIVR.csproj", "{19C4D096-7690-4DE5-A50C-0888950C384E}"
EndProject
Project("{9A19103F-16F7-4668-BE54-9A1E7A4F7556}") = "OcelotDemo", "OcelotDemo\OcelotDemo.csproj", "{7E849EBC-8519-4A0A-85C2-20B8CE7934B1}"
EndProject
Project("{9A19103F-16F7-4668-BE54-9A1E7A4F7556}") = "RabbitDemo", "RabbitDemo\RabbitDemo.csproj", "{DD80F32E-122A-41E4-A77A-29DE47456814}"
EndProject
Project("{9A19103F-16F7-4668-BE54-9A1E7A4F7556}") = "ClientDemo", "ClientDemo\ClientDemo.csproj", "{CE0AC525-E979-4FB4-A9E1-F951EA73C856}"
EndProject
Project("{9A19103F-16F7-4668-BE54-9A1E7A4F7556}") = "SignalRTestChat", "SignalRTestChat\SignalRTestChat.csproj", "{815FCCCD-3BFC-4C50-8D42-9BC38E7BC945}"
EndProject
Project("{9A19103F-16F7-4668-BE54-9A1E7A4F7556}") = "ChatSignalRR", "ChatSignalRR\ChatSignalRR.csproj", "{44A547DD-B09F-4ACD-BA58-02AD70C241D6}"
EndProject
Project("{9A19103F-16F7-4668-BE54-9A1E7A4F7556}") = "V9Common", "V9Common\V9Common.csproj", "{DF64E669-70B4-4B93-B1CC-8DAC7393E0EA}"
EndProject
Global
	GlobalSection(SolutionConfigurationPlatforms) = preSolution
		Debug|Any CPU = Debug|Any CPU
		Release|Any CPU = Release|Any CPU
	EndGlobalSection
	GlobalSection(ProjectConfigurationPlatforms) = postSolution
		{6F48D70E-7B8F-4A16-9C19-3246EE8EE438}.Debug|Any CPU.ActiveCfg = Debug|Any CPU
		{6F48D70E-7B8F-4A16-9C19-3246EE8EE438}.Debug|Any CPU.Build.0 = Debug|Any CPU
		{6F48D70E-7B8F-4A16-9C19-3246EE8EE438}.Release|Any CPU.ActiveCfg = Release|Any CPU
		{6F48D70E-7B8F-4A16-9C19-3246EE8EE438}.Release|Any CPU.Build.0 = Release|Any CPU
		{19C4D096-7690-4DE5-A50C-0888950C384E}.Debug|Any CPU.ActiveCfg = Debug|Any CPU
		{19C4D096-7690-4DE5-A50C-0888950C384E}.Debug|Any CPU.Build.0 = Debug|Any CPU
		{19C4D096-7690-4DE5-A50C-0888950C384E}.Release|Any CPU.ActiveCfg = Release|Any CPU
		{19C4D096-7690-4DE5-A50C-0888950C384E}.Release|Any CPU.Build.0 = Release|Any CPU
		{7E849EBC-8519-4A0A-85C2-20B8CE7934B1}.Debug|Any CPU.ActiveCfg = Debug|Any CPU
		{7E849EBC-8519-4A0A-85C2-20B8CE7934B1}.Debug|Any CPU.Build.0 = Debug|Any CPU
		{7E849EBC-8519-4A0A-85C2-20B8CE7934B1}.Release|Any CPU.ActiveCfg = Release|Any CPU
		{7E849EBC-8519-4A0A-85C2-20B8CE7934B1}.Release|Any CPU.Build.0 = Release|Any CPU
		{DD80F32E-122A-41E4-A77A-29DE47456814}.Debug|Any CPU.ActiveCfg = Debug|Any CPU
		{DD80F32E-122A-41E4-A77A-29DE47456814}.Debug|Any CPU.Build.0 = Debug|Any CPU
		{DD80F32E-122A-41E4-A77A-29DE47456814}.Release|Any CPU.ActiveCfg = Release|Any CPU
		{DD80F32E-122A-41E4-A77A-29DE47456814}.Release|Any CPU.Build.0 = Release|Any CPU
		{CE0AC525-E979-4FB4-A9E1-F951EA73C856}.Debug|Any CPU.ActiveCfg = Debug|Any CPU
		{CE0AC525-E979-4FB4-A9E1-F951EA73C856}.Debug|Any CPU.Build.0 = Debug|Any CPU
		{CE0AC525-E979-4FB4-A9E1-F951EA73C856}.Release|Any CPU.ActiveCfg = Release|Any CPU
		{CE0AC525-E979-4FB4-A9E1-F951EA73C856}.Release|Any CPU.Build.0 = Release|Any CPU
		{815FCCCD-3BFC-4C50-8D42-9BC38E7BC945}.Debug|Any CPU.ActiveCfg = Debug|Any CPU
		{815FCCCD-3BFC-4C50-8D42-9BC38E7BC945}.Debug|Any CPU.Build.0 = Debug|Any CPU
		{815FCCCD-3BFC-4C50-8D42-9BC38E7BC945}.Release|Any CPU.ActiveCfg = Release|Any CPU
		{815FCCCD-3BFC-4C50-8D42-9BC38E7BC945}.Release|Any CPU.Build.0 = Release|Any CPU
		{44A547DD-B09F-4ACD-BA58-02AD70C241D6}.Debug|Any CPU.ActiveCfg = Debug|Any CPU
		{44A547DD-B09F-4ACD-BA58-02AD70C241D6}.Debug|Any CPU.Build.0 = Debug|Any CPU
		{44A547DD-B09F-4ACD-BA58-02AD70C241D6}.Release|Any CPU.ActiveCfg = Release|Any CPU
		{44A547DD-B09F-4ACD-BA58-02AD70C241D6}.Release|Any CPU.Build.0 = Release|Any CPU
		{DF64E669-70B4-4B93-B1CC-8DAC7393E0EA}.Debug|Any CPU.ActiveCfg = Debug|Any CPU
		{DF64E669-70B4-4B93-B1CC-8DAC7393E0EA}.Debug|Any CPU.Build.0 = Debug|Any CPU
		{DF64E669-70B4-4B93-B1CC-8DAC7393E0EA}.Release|Any CPU.ActiveCfg = Release|Any CPU
		{DF64E669-70B4-4B93-B1CC-8DAC7393E0EA}.Release|Any CPU.Build.0 = Release|Any CPU
	EndGlobalSection
	GlobalSection(SolutionProperties) = preSolution
		HideSolutionNode = FALSE
	EndGlobalSection
	GlobalSection(ExtensibilityGlobals) = postSolution
		SolutionGuid = {A6CBF166-B7C7-4B8C-A776-E9065D5F58E0}
	EndGlobalSection
EndGlobal
